
Microsoft Visual Studio Solution File, Format Version 12.00
# Visual Studio Version 16
VisualStudioVersion = 16.0.30621.155
MinimumVisualStudioVersion = 10.0.40219.1
Project("{FAE04EC0-301F-11D3-BF4B-00C04F79EFBC}") = "GradeBookApp", "GradeBookApp\GradeBookApp.csproj", "{A1717C4A-4FB0-4BB6-9ABE-2A51D1CE2B15}"
EndProject
Global
	GlobalSection(SolutionConfigurationPlatforms) = preSolution
		Debug|Any CPU = Debug|Any CPU
		Release|Any CPU = Release|Any CPU
	EndGlobalSection
	GlobalSection(ProjectConfigurationPlatforms) = postSolution
		{A1717C4A-4FB0-4BB6-9ABE-2A51D1CE2B15}.Debug|Any CPU.ActiveCfg = Debug|Any CPU
		{A1717C4A-4FB0-4BB6-9ABE-2A51D1CE2B15}.Debug|Any CPU.Build.0 = Debug|Any CPU
		{A1717C4A-4FB0-4BB6-9ABE-2A51D1CE2B15}.Release|Any CPU.ActiveCfg = Release|Any CPU
		{A1717C4A-4FB0-4BB6-9ABE-2A51D1CE2B15}.Release|Any CPU.Build.0 = Release|Any CPU
	EndGlobalSection
	GlobalSection(SolutionProperties) = preSolution
		HideSolutionNode = FALSE
	EndGlobalSection
	GlobalSection(ExtensibilityGlobals) = postSolution
		SolutionGuid = {E2B0A70F-5D2B-488A-AF62-42951CE5BFAD}
	EndGlobalSection
EndGlobal
